
Microsoft Visual Studio Solution File, Format Version 12.00
# Visual Studio 14
VisualStudioVersion = 14.0.24720.0
MinimumVisualStudioVersion = 10.0.40219.1
Project("{FAE04EC0-301F-11D3-BF4B-00C04F79EFBC}") = "SlackAPI", "SlackAPI\SlackAPI.csproj", "{D67D593D-29D1-47B8-950C-80BAAC8AF01C}"
EndProject
Project("{FAE04EC0-301F-11D3-BF4B-00C04F79EFBC}") = "SlackConsole", "SlackConsole\SlackConsole.csproj", "{833436D7-60EE-4F7D-BEFA-3A8ED726E9F3}"
EndProject
Project("{2150E333-8FDC-42A3-9474-1A3956D46DE8}") = ".build", ".build", "{903A48A8-72AB-444B-87E9-A79DBCEC816F}"
	ProjectSection(SolutionItems) = preProject
		appveyor.yml = appveyor.yml
		SlackAPI\SlackAPI.nuspec = SlackAPI\SlackAPI.nuspec
	EndProjectSection
EndProject
Project("{FAE04EC0-301F-11D3-BF4B-00C04F79EFBC}") = "SlackAPI.Tests", "SlackAPI.Tests\SlackAPI.Tests.csproj", "{2FBB6CFD-8B06-45C8-B08B-FFCE6DD1C127}"
EndProject
Global
	GlobalSection(SolutionConfigurationPlatforms) = preSolution
		Debug|Any CPU = Debug|Any CPU
		Release|Any CPU = Release|Any CPU
	EndGlobalSection
	GlobalSection(ProjectConfigurationPlatforms) = postSolution
		{D67D593D-29D1-47B8-950C-80BAAC8AF01C}.Debug|Any CPU.ActiveCfg = Debug|Any CPU
		{D67D593D-29D1-47B8-950C-80BAAC8AF01C}.Debug|Any CPU.Build.0 = Debug|Any CPU
		{D67D593D-29D1-47B8-950C-80BAAC8AF01C}.Release|Any CPU.ActiveCfg = Release|Any CPU
		{D67D593D-29D1-47B8-950C-80BAAC8AF01C}.Release|Any CPU.Build.0 = Release|Any CPU
		{833436D7-60EE-4F7D-BEFA-3A8ED726E9F3}.Debug|Any CPU.ActiveCfg = Debug|Any CPU
		{833436D7-60EE-4F7D-BEFA-3A8ED726E9F3}.Debug|Any CPU.Build.0 = Debug|Any CPU
		{833436D7-60EE-4F7D-BEFA-3A8ED726E9F3}.Release|Any CPU.ActiveCfg = Release|Any CPU
		{833436D7-60EE-4F7D-BEFA-3A8ED726E9F3}.Release|Any CPU.Build.0 = Release|Any CPU
		{2FBB6CFD-8B06-45C8-B08B-FFCE6DD1C127}.Debug|Any CPU.ActiveCfg = Debug|Any CPU
		{2FBB6CFD-8B06-45C8-B08B-FFCE6DD1C127}.Debug|Any CPU.Build.0 = Debug|Any CPU
		{2FBB6CFD-8B06-45C8-B08B-FFCE6DD1C127}.Release|Any CPU.ActiveCfg = Release|Any CPU
		{2FBB6CFD-8B06-45C8-B08B-FFCE6DD1C127}.Release|Any CPU.Build.0 = Release|Any CPU
	EndGlobalSection
	GlobalSection(SolutionProperties) = preSolution
		HideSolutionNode = FALSE
	EndGlobalSection
EndGlobal
